
Microsoft Visual Studio Solution File, Format Version 12.00
# Visual Studio Version 16
VisualStudioVersion = 16.0.31624.102
MinimumVisualStudioVersion = 10.0.40219.1
Project("{FAE04EC0-301F-11D3-BF4B-00C04F79EFBC}") = "WpfVOD", "WpfVOD.csproj", "{79EB1AF5-9160-4D30-8E15-499214C10E52}"
EndProject
Global
	GlobalSection(SolutionConfigurationPlatforms) = preSolution
		Debug|Any CPU = Debug|Any CPU
		Release|Any CPU = Release|Any CPU
	EndGlobalSection
	GlobalSection(ProjectConfigurationPlatforms) = postSolution
		{79EB1AF5-9160-4D30-8E15-499214C10E52}.Debug|Any CPU.ActiveCfg = Debug|Any CPU
		{79EB1AF5-9160-4D30-8E15-499214C10E52}.Debug|Any CPU.Build.0 = Debug|Any CPU
		{79EB1AF5-9160-4D30-8E15-499214C10E52}.Release|Any CPU.ActiveCfg = Release|Any CPU
		{79EB1AF5-9160-4D30-8E15-499214C10E52}.Release|Any CPU.Build.0 = Release|Any CPU
	EndGlobalSection
	GlobalSection(SolutionProperties) = preSolution
		HideSolutionNode = FALSE
	EndGlobalSection
	GlobalSection(ExtensibilityGlobals) = postSolution
		SolutionGuid = {821BAFD3-9AC4-4876-99D5-4FC23E304D33}
	EndGlobalSection
EndGlobal
